{
    "name": "free-types",
    "version": "0.0.5",
    "lockfileVersion": 2,
    "requires": true,
    "packages": {
        "": {
            "name": "free-types",
            "version": "0.0.5",
            "license": "ICS",
            "dependencies": {
                "free-types-core": "github:geoffreytools/free-types-core"
            },
            "devDependencies": {
                "foo": "github:geoffreytools/foo",
                "ts-spec": "^1.0.2",
                "ts-trace": "github:geoffreytools/ts-trace",
                "typescript": "^4.8.4"
            }
        },
        "node_modules/foo": {
            "version": "1.0.0",
            "resolved": "git+ssh://git@github.com/geoffreytools/foo.git#4b99b831f78575276f44e4205cead2d6bec5ad93",
            "integrity": "sha512-w8yrCyMcv9ryBk3C1k86BVuxEf78B8am5xviFKjjLWaW4CRDwHF0RUIECc/WzCWP/R34AuSNO7vdeE5YftUE0Q==",
            "dev": true,
            "license": "ISC"
        },
        "node_modules/free-types-core": {
            "version": "0.2.0",
            "resolved": "git+ssh://git@github.com/geoffreytools/free-types-core.git#850c11acf6be5ac7ea0ec1de41f7a1122db95e91",
            "license": "ICS"
        },
        "node_modules/ts-spec": {
            "version": "1.0.2",
            "resolved": "https://registry.npmjs.org/ts-spec/-/ts-spec-1.0.2.tgz",
            "integrity": "sha512-c3GDy5ngGcsh/pA/nWYCJ+3wM3rA/0KMww8OVzVtplZGGpC/QAer/pzp3HYdB038h9dbCkKojN2Ofk79jbBWHw==",
            "dev": true,
            "dependencies": {
                "free-types-core": "^0.2.0"
            }
        },
        "node_modules/ts-trace": {
            "version": "1.3.1",
            "resolved": "git+ssh://git@github.com/geoffreytools/ts-trace.git#05818dd3f9ce6ee9d261124a5e64f46d40eed4d9",
            "dev": true,
            "license": "ISC"
        },
        "node_modules/typescript": {
            "version": "4.8.4",
            "resolved": "https://registry.npmjs.org/typescript/-/typescript-4.8.4.tgz",
            "integrity": "sha512-QCh+85mCy+h0IGff8r5XWzOVSbBO+KfeYrMQh7NJ58QujwcE22u+NUSmUxqF+un70P9GXKxa2HCNiTTMJknyjQ==",
            "dev": true,
            "bin": {
                "tsc": "bin/tsc",
                "tsserver": "bin/tsserver"
            },
            "engines": {
                "node": ">=4.2.0"
            }
        }
    },
    "dependencies": {
        "foo": {
            "version": "git+ssh://git@github.com/geoffreytools/foo.git#4b99b831f78575276f44e4205cead2d6bec5ad93",
            "integrity": "sha512-w8yrCyMcv9ryBk3C1k86BVuxEf78B8am5xviFKjjLWaW4CRDwHF0RUIECc/WzCWP/R34AuSNO7vdeE5YftUE0Q==",
            "dev": true,
            "from": "foo@github:geoffreytools/foo"
        },
        "free-types-core": {
            "version": "git+ssh://git@github.com/geoffreytools/free-types-core.git#850c11acf6be5ac7ea0ec1de41f7a1122db95e91",
            "from": "free-types-core@github:geoffreytools/free-types-core"
        },
        "ts-spec": {
            "version": "1.0.2",
            "resolved": "https://registry.npmjs.org/ts-spec/-/ts-spec-1.0.2.tgz",
            "integrity": "sha512-c3GDy5ngGcsh/pA/nWYCJ+3wM3rA/0KMww8OVzVtplZGGpC/QAer/pzp3HYdB038h9dbCkKojN2Ofk79jbBWHw==",
            "dev": true,
            "requires": {
                "free-types-core": "^0.2.0"
            }
        },
        "ts-trace": {
            "version": "git+ssh://git@github.com/geoffreytools/ts-trace.git#05818dd3f9ce6ee9d261124a5e64f46d40eed4d9",
            "dev": true,
            "from": "ts-trace@github:geoffreytools/ts-trace"
        },
        "typescript": {
            "version": "4.8.4",
            "resolved": "https://registry.npmjs.org/typescript/-/typescript-4.8.4.tgz",
            "integrity": "sha512-QCh+85mCy+h0IGff8r5XWzOVSbBO+KfeYrMQh7NJ58QujwcE22u+NUSmUxqF+un70P9GXKxa2HCNiTTMJknyjQ==",
            "dev": true
        }
    }
}
